# This file is automatically @generated by Cargo.
# It is not intended for manual editing.
[[package]]
name = "ansi-escapes"
version = "0.1.0"
source = "registry+https://github.com/rust-lang/crates.io-index"

[[package]]
name = "default-editor"
version = "0.1.0"
source = "registry+https://github.com/rust-lang/crates.io-index"

[[package]]
name = "emoji-commit"
version = "0.1.5"
dependencies = [
 "default-editor 0.1.0 (registry+https://github.com/rust-lang/crates.io-index)",
 "emoji-commit-type 0.1.1 (registry+https://github.com/rust-lang/crates.io-index)",
 "log-update 0.1.0 (registry+https://github.com/rust-lang/crates.io-index)",
 "termion 1.5.2 (registry+https://github.com/rust-lang/crates.io-index)",
]

[[package]]
name = "emoji-commit-type"
version = "0.1.1"
source = "registry+https://github.com/rust-lang/crates.io-index"

[[package]]
name = "libc"
version = "0.2.57"
source = "registry+https://github.com/rust-lang/crates.io-index"

[[package]]
name = "log-update"
version = "0.1.0"
source = "registry+https://github.com/rust-lang/crates.io-index"
dependencies = [
 "ansi-escapes 0.1.0 (registry+https://github.com/rust-lang/crates.io-index)",
]

[[package]]
name = "numtoa"
version = "0.1.0"
source = "registry+https://github.com/rust-lang/crates.io-index"

[[package]]
name = "redox_syscall"
version = "0.1.54"
source = "registry+https://github.com/rust-lang/crates.io-index"

[[package]]
name = "redox_termios"
version = "0.1.1"
source = "registry+https://github.com/rust-lang/crates.io-index"
dependencies = [
 "redox_syscall 0.1.54 (registry+https://github.com/rust-lang/crates.io-index)",
]

[[package]]
name = "termion"
version = "1.5.2"
source = "registry+https://github.com/rust-lang/crates.io-index"
dependencies = [
 "libc 0.2.57 (registry+https://github.com/rust-lang/crates.io-index)",
 "numtoa 0.1.0 (registry+https://github.com/rust-lang/crates.io-index)",
 "redox_syscall 0.1.54 (registry+https://github.com/rust-lang/crates.io-index)",
 "redox_termios 0.1.1 (registry+https://github.com/rust-lang/crates.io-index)",
]

[metadata]
"checksum ansi-escapes 0.1.0 (registry+https://github.com/rust-lang/crates.io-index)" = "163bff5f88583fe2d90e3002ea2a3b613c93b5e3eb84daf7fd539032e32a68b3"
"checksum default-editor 0.1.0 (registry+https://github.com/rust-lang/crates.io-index)" = "1f287fe0eef3f4f016d56ac9a4ef3d03294dfbcc6765c4b5916079ad23985702"
"checksum emoji-commit-type 0.1.1 (registry+https://github.com/rust-lang/crates.io-index)" = "2e27ac934441d69b298c02aca5ee87a048b3d220d715557446ea12c61ccf5033"
"checksum libc 0.2.57 (registry+https://github.com/rust-lang/crates.io-index)" = "a844cabbd5a77e60403a58af576f0a1baa83c3dd2670be63e615bd24fc58b82d"
"checksum log-update 0.1.0 (registry+https://github.com/rust-lang/crates.io-index)" = "6f04940d2443eee57bf0a6e9751a96c1d8af76ff02d8380b1fc0cc67acd393e5"
"checksum numtoa 0.1.0 (registry+https://github.com/rust-lang/crates.io-index)" = "b8f8bdf33df195859076e54ab11ee78a1b208382d3a26ec40d142ffc1ecc49ef"
"checksum redox_syscall 0.1.54 (registry+https://github.com/rust-lang/crates.io-index)" = "12229c14a0f65c4f1cb046a3b52047cdd9da1f4b30f8a39c5063c8bae515e252"
"checksum redox_termios 0.1.1 (registry+https://github.com/rust-lang/crates.io-index)" = "7e891cfe48e9100a70a3b6eb652fef28920c117d366339687bd5576160db0f76"
"checksum termion 1.5.2 (registry+https://github.com/rust-lang/crates.io-index)" = "dde0593aeb8d47accea5392b39350015b5eccb12c0d98044d856983d89548dea"
