[root]
name = "emoji_commit"
version = "0.0.1"
dependencies = [
 "termion 1.1.1 (registry+https://github.com/rust-lang/crates.io-index)",
]

[[package]]
name = "libc"
version = "0.2.17"
source = "registry+https://github.com/rust-lang/crates.io-index"

[[package]]
name = "termion"
version = "1.1.1"
source = "registry+https://github.com/rust-lang/crates.io-index"
dependencies = [
 "libc 0.2.17 (registry+https://github.com/rust-lang/crates.io-index)",
]

[metadata]
"checksum libc 0.2.17 (registry+https://github.com/rust-lang/crates.io-index)" = "044d1360593a78f5c8e5e710beccdc24ab71d1f01bc19a29bcacdba22e8475d8"
"checksum termion 1.1.1 (registry+https://github.com/rust-lang/crates.io-index)" = "ce9884af069456867e19fd5648b8908d5c9378f586b2659aaa6f3a4088fdb867"
