[[package]]
name = "ansi-escapes"
version = "0.1.0"
source = "registry+https://github.com/rust-lang/crates.io-index"

[[package]]
name = "default-editor"
version = "0.1.0"
source = "registry+https://github.com/rust-lang/crates.io-index"

[[package]]
name = "emoji-commit"
version = "0.1.4"
dependencies = [
 "default-editor 0.1.0 (registry+https://github.com/rust-lang/crates.io-index)",
 "emoji-commit-type 0.1.1 (registry+https://github.com/rust-lang/crates.io-index)",
 "log-update 0.1.0 (registry+https://github.com/rust-lang/crates.io-index)",
 "termion 1.5.1 (registry+https://github.com/rust-lang/crates.io-index)",
]

[[package]]
name = "emoji-commit-type"
version = "0.1.1"
source = "registry+https://github.com/rust-lang/crates.io-index"

[[package]]
name = "libc"
version = "0.2.40"
source = "registry+https://github.com/rust-lang/crates.io-index"

[[package]]
name = "log-update"
version = "0.1.0"
source = "registry+https://github.com/rust-lang/crates.io-index"
dependencies = [
 "ansi-escapes 0.1.0 (registry+https://github.com/rust-lang/crates.io-index)",
]

[[package]]
name = "redox_syscall"
version = "0.1.38"
source = "registry+https://github.com/rust-lang/crates.io-index"

[[package]]
name = "redox_termios"
version = "0.1.1"
source = "registry+https://github.com/rust-lang/crates.io-index"
dependencies = [
 "redox_syscall 0.1.38 (registry+https://github.com/rust-lang/crates.io-index)",
]

[[package]]
name = "termion"
version = "1.5.1"
source = "registry+https://github.com/rust-lang/crates.io-index"
dependencies = [
 "libc 0.2.40 (registry+https://github.com/rust-lang/crates.io-index)",
 "redox_syscall 0.1.38 (registry+https://github.com/rust-lang/crates.io-index)",
 "redox_termios 0.1.1 (registry+https://github.com/rust-lang/crates.io-index)",
]

[metadata]
"checksum ansi-escapes 0.1.0 (registry+https://github.com/rust-lang/crates.io-index)" = "163bff5f88583fe2d90e3002ea2a3b613c93b5e3eb84daf7fd539032e32a68b3"
"checksum default-editor 0.1.0 (registry+https://github.com/rust-lang/crates.io-index)" = "1f287fe0eef3f4f016d56ac9a4ef3d03294dfbcc6765c4b5916079ad23985702"
"checksum emoji-commit-type 0.1.1 (registry+https://github.com/rust-lang/crates.io-index)" = "2e27ac934441d69b298c02aca5ee87a048b3d220d715557446ea12c61ccf5033"
"checksum libc 0.2.40 (registry+https://github.com/rust-lang/crates.io-index)" = "6fd41f331ac7c5b8ac259b8bf82c75c0fb2e469bbf37d2becbba9a6a2221965b"
"checksum log-update 0.1.0 (registry+https://github.com/rust-lang/crates.io-index)" = "6f04940d2443eee57bf0a6e9751a96c1d8af76ff02d8380b1fc0cc67acd393e5"
"checksum redox_syscall 0.1.38 (registry+https://github.com/rust-lang/crates.io-index)" = "0a12d51a5b5fd700e6c757f15877685bfa04fd7eb60c108f01d045cafa0073c2"
"checksum redox_termios 0.1.1 (registry+https://github.com/rust-lang/crates.io-index)" = "7e891cfe48e9100a70a3b6eb652fef28920c117d366339687bd5576160db0f76"
"checksum termion 1.5.1 (registry+https://github.com/rust-lang/crates.io-index)" = "689a3bdfaab439fd92bc87df5c4c78417d3cbe537487274e9b0b2dce76e92096"
